# Generated by pub
# See https://dart.dev/tools/pub/glossary#lockfile
packages:
  nadz:
    dependency: "direct main"
    description:
      name: nadz
      sha256: "749586d5d9c94c3660f85c4fa41979345edd5179ef221d6ac9127f36ca1674f8"
      url: "https://pub.dev"
    source: hosted
    version: "0.0.7-beta"
sdks:
  dart: ">=3.10.0 <4.0.0"
